
Microsoft Visual Studio Solution File, Format Version 12.00
# Visual Studio 15
VisualStudioVersion = 15.0.27703.2026
MinimumVisualStudioVersion = 10.0.40219.1
Project("{8BC9CEB8-8B4A-11D0-8D11-00A0C91BC942}") = "Uno lite", "Uno lite\Uno lite.vcxproj", "{941E8D1E-4893-4735-AD16-056674334682}"
EndProject
Global
	GlobalSection(SolutionConfigurationPlatforms) = preSolution
		Debug|x64 = Debug|x64
		Debug|x86 = Debug|x86
		Release|x64 = Release|x64
		Release|x86 = Release|x86
	EndGlobalSection
	GlobalSection(ProjectConfigurationPlatforms) = postSolution
		{941E8D1E-4893-4735-AD16-056674334682}.Debug|x64.ActiveCfg = Debug|x64
		{941E8D1E-4893-4735-AD16-056674334682}.Debug|x64.Build.0 = Debug|x64
		{941E8D1E-4893-4735-AD16-056674334682}.Debug|x86.ActiveCfg = Debug|Win32
		{941E8D1E-4893-4735-AD16-056674334682}.Debug|x86.Build.0 = Debug|Win32
		{941E8D1E-4893-4735-AD16-056674334682}.Release|x64.ActiveCfg = Release|x64
		{941E8D1E-4893-4735-AD16-056674334682}.Release|x64.Build.0 = Release|x64
		{941E8D1E-4893-4735-AD16-056674334682}.Release|x86.ActiveCfg = Release|Win32
		{941E8D1E-4893-4735-AD16-056674334682}.Release|x86.Build.0 = Release|Win32
	EndGlobalSection
	GlobalSection(SolutionProperties) = preSolution
		HideSolutionNode = FALSE
	EndGlobalSection
	GlobalSection(ExtensibilityGlobals) = postSolution
		SolutionGuid = {8A5F12BB-03F9-4DD1-B8F9-9C78736F093D}
	EndGlobalSection
EndGlobal
